
Microsoft Visual Studio Solution File, Format Version 12.00
# Visual Studio 15
VisualStudioVersion = 15.0.27428.2002
MinimumVisualStudioVersion = 10.0.40219.1
Project("{FAE04EC0-301F-11D3-BF4B-00C04F79EFBC}") = "practica8", "practica8\practica8.csproj", "{40550906-5444-468E-B059-ADCFC5920D8D}"
EndProject
Global
	GlobalSection(SolutionConfigurationPlatforms) = preSolution
		Debug|Any CPU = Debug|Any CPU
		Release|Any CPU = Release|Any CPU
	EndGlobalSection
	GlobalSection(ProjectConfigurationPlatforms) = postSolution
		{40550906-5444-468E-B059-ADCFC5920D8D}.Debug|Any CPU.ActiveCfg = Debug|Any CPU
		{40550906-5444-468E-B059-ADCFC5920D8D}.Debug|Any CPU.Build.0 = Debug|Any CPU
		{40550906-5444-468E-B059-ADCFC5920D8D}.Release|Any CPU.ActiveCfg = Release|Any CPU
		{40550906-5444-468E-B059-ADCFC5920D8D}.Release|Any CPU.Build.0 = Release|Any CPU
	EndGlobalSection
	GlobalSection(SolutionProperties) = preSolution
		HideSolutionNode = FALSE
	EndGlobalSection
	GlobalSection(ExtensibilityGlobals) = postSolution
		SolutionGuid = {303F60DE-3F45-4EDC-854A-D06A14F919E6}
	EndGlobalSection
EndGlobal
